// !$*UTF8*$!
{
	archiveVersion = 1;
	classes = {
	};
	objectVersion = 77;
	objects = {

/* Begin PBXBuildFile section */
		0004C71C0DB7C73C92200CCD /* WebView.swift in Sources */ = {isa = PBXBuildFile; fileRef = 7273166EA1489FC1C6D7C155 /* WebView.swift */; };
		32AB65CC3FAD97521B8087BA /* ContentView.swift in Sources */ = {isa = PBXBuildFile; fileRef = 43EF99DFC1C0E0D44F3125B1 /* ContentView.swift */; };
		53B0AD5DF31042A3124D5F1B /* SnakeballApp.swift in Sources */ = {isa = PBXBuildFile; fileRef = 2BE91299D49CDE32DB1EC3EF /* SnakeballApp.swift */; };
		74906B2E7ABAF083E99D99E1 /* GoogleMobileAds in Frameworks */ = {isa = PBXBuildFile; productRef = 819976B19D0BA66E42CC94DE /* GoogleMobileAds */; };
		90E9D17C426BC79134275D5D /* Assets.xcassets in Resources */ = {isa = PBXBuildFile; fileRef = 0F646BE5CEA3DCB9477B44DA /* Assets.xcassets */; };
		96056E5748247F43AB025EC3 /* PrivacyInfo.xcprivacy in Resources */ = {isa = PBXBuildFile; fileRef = 554D0E36FEE34A567DDA7B08 /* PrivacyInfo.xcprivacy */; };
		9F6A2F686C3106EA20B6F6D3 /* StoreKitManager.swift in Sources */ = {isa = PBXBuildFile; fileRef = 01333EFD487216A451147446 /* StoreKitManager.swift */; };
		C417EA9E755AA05F671FC197 /* GameCenterManager.swift in Sources */ = {isa = PBXBuildFile; fileRef = 675B7616D8FB4C55CD64AD86 /* GameCenterManager.swift */; };
/* End PBXBuildFile section */

/* Begin PBXFileReference section */
		01333EFD487216A451147446 /* StoreKitManager.swift */ = {isa = PBXFileReference; lastKnownFileType = sourcecode.swift; path = StoreKitManager.swift; sourceTree = "<group>"; };
		0F646BE5CEA3DCB9477B44DA /* Assets.xcassets */ = {isa = PBXFileReference; lastKnownFileType = folder.assetcatalog; path = Assets.xcassets; sourceTree = "<group>"; };
		2BE91299D49CDE32DB1EC3EF /* SnakeballApp.swift */ = {isa = PBXFileReference; lastKnownFileType = sourcecode.swift; path = SnakeballApp.swift; sourceTree = "<group>"; };
		43EF99DFC1C0E0D44F3125B1 /* ContentView.swift */ = {isa = PBXFileReference; lastKnownFileType = sourcecode.swift; path = ContentView.swift; sourceTree = "<group>"; };
		554D0E36FEE34A567DDA7B08 /* PrivacyInfo.xcprivacy */ = {isa = PBXFileReference; lastKnownFileType = text.xml; path = PrivacyInfo.xcprivacy; sourceTree = "<group>"; };
		675B7616D8FB4C55CD64AD86 /* GameCenterManager.swift */ = {isa = PBXFileReference; lastKnownFileType = sourcecode.swift; path = GameCenterManager.swift; sourceTree = "<group>"; };
		7273166EA1489FC1C6D7C155 /* WebView.swift */ = {isa = PBXFileReference; lastKnownFileType = sourcecode.swift; path = WebView.swift; sourceTree = "<group>"; };
		964FE30603263DA0C1BE642A /* Info.plist */ = {isa = PBXFileReference; lastKnownFileType = text.plist; path = Info.plist; sourceTree = "<group>"; };
		DA335F51393EE52289BF1709 /* Snakeball.app */ = {isa = PBXFileReference; explicitFileType = wrapper.application; includeInIndex = 0; path = Snakeball.app; sourceTree = BUILT_PRODUCTS_DIR; };
/* End PBXFileReference section */

/* Begin PBXFrameworksBuildPhase section */
		4801269383A380FEF09C55F4 /* Frameworks */ = {
			isa = PBXFrameworksBuildPhase;
			buildActionMask = 2147483647;
			files = (
				74906B2E7ABAF083E99D99E1 /* GoogleMobileAds in Frameworks */,
			);
			runOnlyForDeploymentPostprocessing = 0;
		};
/* End PBXFrameworksBuildPhase section */

/* Begin PBXGroup section */
		051CD221820E974C4FBEA391 = {
			isa = PBXGroup;
			children = (
				3F3B2BB03A49C46E4F37E5A0 /* Snakeball */,
				572170625863E770FF78DC19 /* Products */,
			);
			sourceTree = "<group>";
		};
		3F3B2BB03A49C46E4F37E5A0 /* Snakeball */ = {
			isa = PBXGroup;
			children = (
				0F646BE5CEA3DCB9477B44DA /* Assets.xcassets */,
				43EF99DFC1C0E0D44F3125B1 /* ContentView.swift */,
				675B7616D8FB4C55CD64AD86 /* GameCenterManager.swift */,
				964FE30603263DA0C1BE642A /* Info.plist */,
				554D0E36FEE34A567DDA7B08 /* PrivacyInfo.xcprivacy */,
				2BE91299D49CDE32DB1EC3EF /* SnakeballApp.swift */,
				01333EFD487216A451147446 /* StoreKitManager.swift */,
				7273166EA1489FC1C6D7C155 /* WebView.swift */,
			);
			path = Snakeball;
			sourceTree = "<group>";
		};
		572170625863E770FF78DC19 /* Products */ = {
			isa = PBXGroup;
			children = (
				DA335F51393EE52289BF1709 /* Snakeball.app */,
			);
			name = Products;
			sourceTree = "<group>";
		};
/* End PBXGroup section */

/* Begin PBXNativeTarget section */
		15F751711B5432AFF4342932 /* Snakeball */ = {
			isa = PBXNativeTarget;
			buildConfigurationList = 794CA5CFF3B6EC069E86EAB2 /* Build configuration list for PBXNativeTarget "Snakeball" */;
			buildPhases = (
				C253B653631E7E31325EDA0D /* Sources */,
				E5AC309E10851E99157CBD5C /* Resources */,
				4801269383A380FEF09C55F4 /* Frameworks */,
			);
			buildRules = (
			);
			dependencies = (
			);
			name = Snakeball;
			packageProductDependencies = (
				819976B19D0BA66E42CC94DE /* GoogleMobileAds */,
			);
			productName = Snakeball;
			productReference = DA335F51393EE52289BF1709 /* Snakeball.app */;
			productType = "com.apple.product-type.application";
		};
/* End PBXNativeTarget section */

/* Begin PBXProject section */
		9CA61B5BF3DC5D8AA4E26F1C /* Project object */ = {
			isa = PBXProject;
			attributes = {
				BuildIndependentTargetsInParallel = YES;
				LastUpgradeCheck = 2660;
				TargetAttributes = {
					15F751711B5432AFF4342932 = {
						ProvisioningStyle = Automatic;
					};
				};
			};
			buildConfigurationList = 1AFEF91F48F5B90579994B9D /* Build configuration list for PBXProject "Snakeball" */;
			developmentRegion = en;
			hasScannedForEncodings = 0;
			knownRegions = (
				Base,
				en,
			);
			mainGroup = 051CD221820E974C4FBEA391;
			minimizedProjectReferenceProxies = 1;
			packageReferences = (
				FE93514B94B6C12D1BF47491 /* XCRemoteSwiftPackageReference "swift-package-manager-google-mobile-ads" */,
			);
			preferredProjectObjectVersion = 77;
			productRefGroup = 572170625863E770FF78DC19 /* Products */;
			projectDirPath = "";
			projectRoot = "";
			targets = (
				15F751711B5432AFF4342932 /* Snakeball */,
			);
		};
/* End PBXProject section */

/* Begin PBXResourcesBuildPhase section */
		E5AC309E10851E99157CBD5C /* Resources */ = {
			isa = PBXResourcesBuildPhase;
			buildActionMask = 2147483647;
			files = (
				90E9D17C426BC79134275D5D /* Assets.xcassets in Resources */,
				96056E5748247F43AB025EC3 /* PrivacyInfo.xcprivacy in Resources */,
			);
			runOnlyForDeploymentPostprocessing = 0;
		};
/* End PBXResourcesBuildPhase section */

/* Begin PBXSourcesBuildPhase section */
		C253B653631E7E31325EDA0D /* Sources */ = {
			isa = PBXSourcesBuildPhase;
			buildActionMask = 2147483647;
			files = (
				32AB65CC3FAD97521B8087BA /* ContentView.swift in Sources */,
				C417EA9E755AA05F671FC197 /* GameCenterManager.swift in Sources */,
				53B0AD5DF31042A3124D5F1B /* SnakeballApp.swift in Sources */,
				9F6A2F686C3106EA20B6F6D3 /* StoreKitManager.swift in Sources */,
				0004C71C0DB7C73C92200CCD /* WebView.swift in Sources */,
			);
			runOnlyForDeploymentPostprocessing = 0;
		};
/* End PBXSourcesBuildPhase section */

/* Begin XCBuildConfiguration section */
		57FA1C47E6BA6291C4255FD9 /* Debug */ = {
			isa = XCBuildConfiguration;
			buildSettings = {
				ALWAYS_SEARCH_USER_PATHS = NO;
				CLANG_ANALYZER_NONNULL = YES;
				CLANG_ANALYZER_NUMBER_OBJECT_CONVERSION = YES_AGGRESSIVE;
				CLANG_CXX_LANGUAGE_STANDARD = "gnu++14";
				CLANG_CXX_LIBRARY = "libc++";
				CLANG_ENABLE_MODULES = YES;
				CLANG_ENABLE_OBJC_ARC = YES;
				CLANG_ENABLE_OBJC_WEAK = YES;
				CLANG_WARN_BLOCK_CAPTURE_AUTORELEASING = YES;
				CLANG_WARN_BOOL_CONVERSION = YES;
				CLANG_WARN_COMMA = YES;
				CLANG_WARN_CONSTANT_CONVERSION = YES;
				CLANG_WARN_DEPRECATED_OBJC_IMPLEMENTATIONS = YES;
				CLANG_WARN_DIRECT_OBJC_ISA_USAGE = YES_ERROR;
				CLANG_WARN_DOCUMENTATION_COMMENTS = YES;
				CLANG_WARN_EMPTY_BODY = YES;
				CLANG_WARN_ENUM_CONVERSION = YES;
				CLANG_WARN_INFINITE_RECURSION = YES;
				CLANG_WARN_INT_CONVERSION = YES;
				CLANG_WARN_NON_LITERAL_NULL_CONVERSION = YES;
				CLANG_WARN_OBJC_IMPLICIT_RETAIN_SELF = YES;
				CLANG_WARN_OBJC_LITERAL_CONVERSION = YES;
				CLANG_WARN_OBJC_ROOT_CLASS = YES_ERROR;
				CLANG_WARN_QUOTED_INCLUDE_IN_FRAMEWORK_HEADER = YES;
				CLANG_WARN_RANGE_LOOP_ANALYSIS = YES;
				CLANG_WARN_STRICT_PROTOTYPES = YES;
				CLANG_WARN_SUSPICIOUS_MOVE = YES;
				CLANG_WARN_UNGUARDED_AVAILABILITY = YES_AGGRESSIVE;
				CLANG_WARN_UNREACHABLE_CODE = YES;
				CLANG_WARN__DUPLICATE_METHOD_MATCH = YES;
				COPY_PHASE_STRIP = NO;
				DEBUG_INFORMATION_FORMAT = dwarf;
				DEVELOPMENT_TEAM = G5JLFMM2WV;
				ENABLE_STRICT_OBJC_MSGSEND = YES;
				ENABLE_TESTABILITY = YES;
				ENABLE_USER_SCRIPT_SANDBOXING = YES;
				GCC_C_LANGUAGE_STANDARD = gnu11;
				GCC_DYNAMIC_NO_PIC = NO;
				GCC_NO_COMMON_BLOCKS = YES;
				GCC_OPTIMIZATION_LEVEL = 0;
				GCC_PREPROCESSOR_DEFINITIONS = (
					"$(inherited)",
					"DEBUG=1",
				);
				GCC_WARN_64_TO_32_BIT_CONVERSION = YES;
				GCC_WARN_ABOUT_RETURN_TYPE = YES_ERROR;
				GCC_WARN_UNDECLARED_SELECTOR = YES;
				GCC_WARN_UNINITIALIZED_AUTOS = YES_AGGRESSIVE;
				GCC_WARN_UNUSED_FUNCTION = YES;
				GCC_WARN_UNUSED_VARIABLE = YES;
				IPHONEOS_DEPLOYMENT_TARGET = 16.0;
				MTL_ENABLE_DEBUG_INFO = INCLUDE_SOURCE;
				MTL_FAST_MATH = YES;
				ONLY_ACTIVE_ARCH = YES;
				PRODUCT_NAME = "$(TARGET_NAME)";
				SDKROOT = iphoneos;
				STRING_CATALOG_GENERATE_SYMBOLS = YES;
				SWIFT_ACTIVE_COMPILATION_CONDITIONS = DEBUG;
				SWIFT_OPTIMIZATION_LEVEL = "-Onone";
				SWIFT_VERSION = 5.0;
			};
			name = Debug;
		};
		60A45558657E5D9D916425FE /* Release */ = {
			isa = XCBuildConfiguration;
			buildSettings = {
				ALWAYS_SEARCH_USER_PATHS = NO;
				CLANG_ANALYZER_NONNULL = YES;
				CLANG_ANALYZER_NUMBER_OBJECT_CONVERSION = YES_AGGRESSIVE;
				CLANG_CXX_LANGUAGE_STANDARD = "gnu++14";
				CLANG_CXX_LIBRARY = "libc++";
				CLANG_ENABLE_MODULES = YES;
				CLANG_ENABLE_OBJC_ARC = YES;
				CLANG_ENABLE_OBJC_WEAK = YES;
				CLANG_WARN_BLOCK_CAPTURE_AUTORELEASING = YES;
				CLANG_WARN_BOOL_CONVERSION = YES;
				CLANG_WARN_COMMA = YES;
				CLANG_WARN_CONSTANT_CONVERSION = YES;
				CLANG_WARN_DEPRECATED_OBJC_IMPLEMENTATIONS = YES;
				CLANG_WARN_DIRECT_OBJC_ISA_USAGE = YES_ERROR;
				CLANG_WARN_DOCUMENTATION_COMMENTS = YES;
				CLANG_WARN_EMPTY_BODY = YES;
				CLANG_WARN_ENUM_CONVERSION = YES;
				CLANG_WARN_INFINITE_RECURSION = YES;
				CLANG_WARN_INT_CONVERSION = YES;
				CLANG_WARN_NON_LITERAL_NULL_CONVERSION = YES;
				CLANG_WARN_OBJC_IMPLICIT_RETAIN_SELF = YES;
				CLANG_WARN_OBJC_LITERAL_CONVERSION = YES;
				CLANG_WARN_OBJC_ROOT_CLASS = YES_ERROR;
				CLANG_WARN_QUOTED_INCLUDE_IN_FRAMEWORK_HEADER = YES;
				CLANG_WARN_RANGE_LOOP_ANALYSIS = YES;
				CLANG_WARN_STRICT_PROTOTYPES = YES;
				CLANG_WARN_SUSPICIOUS_MOVE = YES;
				CLANG_WARN_UNGUARDED_AVAILABILITY = YES_AGGRESSIVE;
				CLANG_WARN_UNREACHABLE_CODE = YES;
				CLANG_WARN__DUPLICATE_METHOD_MATCH = YES;
				COPY_PHASE_STRIP = NO;
				DEBUG_INFORMATION_FORMAT = "dwarf-with-dsym";
				DEVELOPMENT_TEAM = G5JLFMM2WV;
				ENABLE_NS_ASSERTIONS = NO;
				ENABLE_STRICT_OBJC_MSGSEND = YES;
				ENABLE_USER_SCRIPT_SANDBOXING = YES;
				GCC_C_LANGUAGE_STANDARD = gnu11;
				GCC_NO_COMMON_BLOCKS = YES;
				GCC_WARN_64_TO_32_BIT_CONVERSION = YES;
				GCC_WARN_ABOUT_RETURN_TYPE = YES_ERROR;
				GCC_WARN_UNDECLARED_SELECTOR = YES;
				GCC_WARN_UNINITIALIZED_AUTOS = YES_AGGRESSIVE;
				GCC_WARN_UNUSED_FUNCTION = YES;
				GCC_WARN_UNUSED_VARIABLE = YES;
				IPHONEOS_DEPLOYMENT_TARGET = 16.0;
				MTL_ENABLE_DEBUG_INFO = NO;
				MTL_FAST_MATH = YES;
				PRODUCT_NAME = "$(TARGET_NAME)";
				SDKROOT = iphoneos;
				STRING_CATALOG_GENERATE_SYMBOLS = YES;
				SWIFT_COMPILATION_MODE = wholemodule;
				SWIFT_OPTIMIZATION_LEVEL = "-O";
				SWIFT_VERSION = 5.0;
			};
			name = Release;
		};
		A054DDA9C50BFAB251BF2443 /* Release */ = {
			isa = XCBuildConfiguration;
			buildSettings = {
				ASSETCATALOG_COMPILER_APPICON_NAME = AppIcon;
				ASSETCATALOG_COMPILER_GLOBAL_ACCENT_COLOR_NAME = AccentColor;
				CODE_SIGN_ENTITLEMENTS = Snakeball/Snakeball.entitlements;
				CODE_SIGN_IDENTITY = "iPhone Developer";
				CODE_SIGN_STYLE = Automatic;
				CURRENT_PROJECT_VERSION = 1;
				GENERATE_INFOPLIST_FILE = YES;
				INFOPLIST_FILE = Snakeball/Info.plist;
				LD_RUNPATH_SEARCH_PATHS = (
					"$(inherited)",
					"@executable_path/Frameworks",
				);
				MARKETING_VERSION = 1.0.0;
				PRODUCT_BUNDLE_IDENTIFIER = studio.hodgepodge.snakeball;
				SDKROOT = iphoneos;
				SWIFT_VERSION = 5.0;
				TARGETED_DEVICE_FAMILY = 1;
			};
			name = Release;
		};
		B5FA66CA5CFA6C253A7D4453 /* Debug */ = {
			isa = XCBuildConfiguration;
			buildSettings = {
				ASSETCATALOG_COMPILER_APPICON_NAME = AppIcon;
				ASSETCATALOG_COMPILER_GLOBAL_ACCENT_COLOR_NAME = AccentColor;
				CODE_SIGN_ENTITLEMENTS = Snakeball/Snakeball.entitlements;
				CODE_SIGN_IDENTITY = "iPhone Developer";
				CODE_SIGN_STYLE = Automatic;
				CURRENT_PROJECT_VERSION = 1;
				GENERATE_INFOPLIST_FILE = YES;
				INFOPLIST_FILE = Snakeball/Info.plist;
				LD_RUNPATH_SEARCH_PATHS = (
					"$(inherited)",
					"@executable_path/Frameworks",
				);
				MARKETING_VERSION = 1.0.0;
				PRODUCT_BUNDLE_IDENTIFIER = studio.hodgepodge.snakeball;
				SDKROOT = iphoneos;
				SWIFT_VERSION = 5.0;
				TARGETED_DEVICE_FAMILY = 1;
			};
			name = Debug;
		};
/* End XCBuildConfiguration section */

/* Begin XCConfigurationList section */
		1AFEF91F48F5B90579994B9D /* Build configuration list for PBXProject "Snakeball" */ = {
			isa = XCConfigurationList;
			buildConfigurations = (
				57FA1C47E6BA6291C4255FD9 /* Debug */,
				60A45558657E5D9D916425FE /* Release */,
			);
			defaultConfigurationIsVisible = 0;
			defaultConfigurationName = Debug;
		};
		794CA5CFF3B6EC069E86EAB2 /* Build configuration list for PBXNativeTarget "Snakeball" */ = {
			isa = XCConfigurationList;
			buildConfigurations = (
				B5FA66CA5CFA6C253A7D4453 /* Debug */,
				A054DDA9C50BFAB251BF2443 /* Release */,
			);
			defaultConfigurationIsVisible = 0;
			defaultConfigurationName = Debug;
		};
/* End XCConfigurationList section */

/* Begin XCRemoteSwiftPackageReference section */
		FE93514B94B6C12D1BF47491 /* XCRemoteSwiftPackageReference "swift-package-manager-google-mobile-ads" */ = {
			isa = XCRemoteSwiftPackageReference;
			repositoryURL = "https://github.com/googleads/swift-package-manager-google-mobile-ads.git";
			requirement = {
				kind = upToNextMajorVersion;
				minimumVersion = 13.1.0;
			};
		};
/* End XCRemoteSwiftPackageReference section */

/* Begin XCSwiftPackageProductDependency section */
		819976B19D0BA66E42CC94DE /* GoogleMobileAds */ = {
			isa = XCSwiftPackageProductDependency;
			package = FE93514B94B6C12D1BF47491 /* XCRemoteSwiftPackageReference "swift-package-manager-google-mobile-ads" */;
			productName = GoogleMobileAds;
		};
/* End XCSwiftPackageProductDependency section */
	};
	rootObject = 9CA61B5BF3DC5D8AA4E26F1C /* Project object */;
}
